
Microsoft Visual Studio Solution File, Format Version 12.00
# Visual Studio Version 17
VisualStudioVersion = 17.14.36623.8 d17.14
MinimumVisualStudioVersion = 10.0.40219.1
Project("{FAE04EC0-301F-11D3-BF4B-00C04F79EFBC}") = "MvcPortfolio", "MvcPortfolio\MvcPortfolio.csproj", "{814260BF-801B-467F-90BB-6FC4FC1B6F82}"
EndProject
Global
	GlobalSection(SolutionConfigurationPlatforms) = preSolution
		Debug|Any CPU = Debug|Any CPU
		Release|Any CPU = Release|Any CPU
	EndGlobalSection
	GlobalSection(ProjectConfigurationPlatforms) = postSolution
		{814260BF-801B-467F-90BB-6FC4FC1B6F82}.Debug|Any CPU.ActiveCfg = Debug|Any CPU
		{814260BF-801B-467F-90BB-6FC4FC1B6F82}.Debug|Any CPU.Build.0 = Debug|Any CPU
		{814260BF-801B-467F-90BB-6FC4FC1B6F82}.Release|Any CPU.ActiveCfg = Release|Any CPU
		{814260BF-801B-467F-90BB-6FC4FC1B6F82}.Release|Any CPU.Build.0 = Release|Any CPU
	EndGlobalSection
	GlobalSection(SolutionProperties) = preSolution
		HideSolutionNode = FALSE
	EndGlobalSection
	GlobalSection(ExtensibilityGlobals) = postSolution
		SolutionGuid = {F6DDD683-6FC0-4D0C-9F07-198868031BB4}
	EndGlobalSection
EndGlobal
